
Microsoft Visual Studio Solution File, Format Version 12.00
# Visual Studio Version 17
VisualStudioVersion = 17.12.35707.178 d17.12
MinimumVisualStudioVersion = 10.0.40219.1
Project("{FAE04EC0-301F-11D3-BF4B-00C04F79EFBC}") = "DesignPattern", "DesignPattern\DesignPattern.csproj", "{55BB5669-3F6B-4947-92CB-55D371F5E0C1}"
EndProject
Project("{2150E333-8FDC-42A3-9474-1A3956D46DE8}") = "CreationalPattern", "CreationalPattern", "{1870AA49-8988-446D-9CD7-188CB12D5A07}"
EndProject
Project("{2150E333-8FDC-42A3-9474-1A3956D46DE8}") = "StructuralPattern", "StructuralPattern", "{DC038954-DD9B-4521-B5FE-45DFAB4BC820}"
EndProject
Project("{2150E333-8FDC-42A3-9474-1A3956D46DE8}") = "BehavioralPattern", "BehavioralPattern", "{02664634-721E-4C05-BE3B-D015147EDB8A}"
EndProject
Project("{FAE04EC0-301F-11D3-BF4B-00C04F79EFBC}") = "SingletonPattern", "SingletonPattern\SingletonPattern.csproj", "{7CBCC671-558B-407D-9EE8-158E401BC462}"
EndProject
Project("{FAE04EC0-301F-11D3-BF4B-00C04F79EFBC}") = "FactoryMethodPattern", "FactoryMethodPattern\FactoryMethodPattern.csproj", "{E8D2E4E8-417A-429C-B2B0-DA5BD383680E}"
EndProject
Project("{FAE04EC0-301F-11D3-BF4B-00C04F79EFBC}") = "AbstractFactoryPattern", "AbstractFactoryPattern\AbstractFactoryPattern.csproj", "{E1F98DC7-E172-4AFA-AF68-D377FD693ACC}"
EndProject
Project("{FAE04EC0-301F-11D3-BF4B-00C04F79EFBC}") = "BuilderPattern", "BuilderPattern\BuilderPattern.csproj", "{5AB75B63-4596-4F6A-8629-7EA65B2EE90A}"
EndProject
Project("{FAE04EC0-301F-11D3-BF4B-00C04F79EFBC}") = "PrototypePattern", "PrototypePattern\PrototypePattern.csproj", "{9F5F13C7-0A08-4C85-8B09-AAB04B49A8C8}"
EndProject
Project("{FAE04EC0-301F-11D3-BF4B-00C04F79EFBC}") = "AdapterPattern", "AdapterPattern\AdapterPattern.csproj", "{76F1DA83-CFA9-4209-A1EB-26ED1A368886}"
EndProject
Project("{FAE04EC0-301F-11D3-BF4B-00C04F79EFBC}") = "BridgePattern", "BridgePattern\BridgePattern.csproj", "{9F43FDCF-37B6-4A74-A295-6B3A46C33245}"
EndProject
Project("{FAE04EC0-301F-11D3-BF4B-00C04F79EFBC}") = "CompositePattern", "CompositePattern\CompositePattern.csproj", "{E6BA7A8D-4B61-4424-BDE7-39C4C1670AF5}"
EndProject
Project("{FAE04EC0-301F-11D3-BF4B-00C04F79EFBC}") = "DecoratorPattern", "DecoratorPattern\DecoratorPattern.csproj", "{780ADEC4-4CFE-40BF-8D65-107764C0695C}"
EndProject
Project("{FAE04EC0-301F-11D3-BF4B-00C04F79EFBC}") = "FacadePattern", "FacadePattern\FacadePattern.csproj", "{1C52D8AE-B0ED-4E36-86AF-8928E8FCD1A3}"
EndProject
Project("{FAE04EC0-301F-11D3-BF4B-00C04F79EFBC}") = "FlyweightPattern", "FlyweightPattern\FlyweightPattern.csproj", "{527DADBD-BD2E-41EB-BD94-2E5717102D30}"
EndProject
Project("{FAE04EC0-301F-11D3-BF4B-00C04F79EFBC}") = "ProxyPattern", "ProxyPattern\ProxyPattern.csproj", "{E64BDA17-A84A-4285-BD46-D902A5D55B07}"
EndProject
Project("{FAE04EC0-301F-11D3-BF4B-00C04F79EFBC}") = "IterpreterPattern", "IterpreterPattern\IterpreterPattern.csproj", "{C82BFBB7-A068-47ED-BAB5-EA595BC3283A}"
EndProject
Project("{FAE04EC0-301F-11D3-BF4B-00C04F79EFBC}") = "TemplateMethodPattern", "TemplateMethodPattern\TemplateMethodPattern.csproj", "{102E64DA-0D02-4843-AB45-EF59EC782B0A}"
EndProject
Project("{FAE04EC0-301F-11D3-BF4B-00C04F79EFBC}") = "ChainofResponsibilityPattern", "ChainofResponsibilityPattern\ChainofResponsibilityPattern.csproj", "{3C31B6C1-5BB8-4875-BCAA-D8C402D37E85}"
EndProject
Project("{FAE04EC0-301F-11D3-BF4B-00C04F79EFBC}") = "CommandPattern", "CommandPattern\CommandPattern.csproj", "{3870E921-C28E-49ED-8E57-4FF10A25F4E5}"
EndProject
Project("{FAE04EC0-301F-11D3-BF4B-00C04F79EFBC}") = "IteratorPattern", "IteratorPattern\IteratorPattern.csproj", "{E57A243A-0FFD-4ACB-A228-1F81D9BE191E}"
EndProject
Project("{FAE04EC0-301F-11D3-BF4B-00C04F79EFBC}") = "MediatorPattern", "MediatorPattern\MediatorPattern.csproj", "{05D0A5E7-AF5B-49BC-8CA4-70854FF2B235}"
EndProject
Project("{FAE04EC0-301F-11D3-BF4B-00C04F79EFBC}") = "MementoPattern", "MementoPattern\MementoPattern.csproj", "{5B4B949D-02B5-491E-B3F1-1C9357DC95F1}"
EndProject
Project("{FAE04EC0-301F-11D3-BF4B-00C04F79EFBC}") = "ObserverPattern", "ObserverPattern\ObserverPattern.csproj", "{9B7C8EF1-4F00-42D5-A790-DBA10FB22BC2}"
EndProject
Project("{FAE04EC0-301F-11D3-BF4B-00C04F79EFBC}") = "StatePattern", "StatePattern\StatePattern.csproj", "{BA8642DF-8161-4F92-A214-B5B38F488FB4}"
EndProject
Project("{FAE04EC0-301F-11D3-BF4B-00C04F79EFBC}") = "StrategyPattern", "StrategyPattern\StrategyPattern.csproj", "{ED6D8E61-E706-4BEE-A587-820DBB6D4935}"
EndProject
Project("{FAE04EC0-301F-11D3-BF4B-00C04F79EFBC}") = "VisitorPattern", "VisitorPattern\VisitorPattern.csproj", "{57922A87-74F0-4D71-8189-B0631A9E8A1B}"
EndProject
Global
	GlobalSection(SolutionConfigurationPlatforms) = preSolution
		Debug|Any CPU = Debug|Any CPU
		Release|Any CPU = Release|Any CPU
	EndGlobalSection
	GlobalSection(ProjectConfigurationPlatforms) = postSolution
		{55BB5669-3F6B-4947-92CB-55D371F5E0C1}.Debug|Any CPU.ActiveCfg = Debug|Any CPU
		{55BB5669-3F6B-4947-92CB-55D371F5E0C1}.Debug|Any CPU.Build.0 = Debug|Any CPU
		{55BB5669-3F6B-4947-92CB-55D371F5E0C1}.Release|Any CPU.ActiveCfg = Release|Any CPU
		{55BB5669-3F6B-4947-92CB-55D371F5E0C1}.Release|Any CPU.Build.0 = Release|Any CPU
		{7CBCC671-558B-407D-9EE8-158E401BC462}.Debug|Any CPU.ActiveCfg = Debug|Any CPU
		{7CBCC671-558B-407D-9EE8-158E401BC462}.Debug|Any CPU.Build.0 = Debug|Any CPU
		{7CBCC671-558B-407D-9EE8-158E401BC462}.Release|Any CPU.ActiveCfg = Release|Any CPU
		{7CBCC671-558B-407D-9EE8-158E401BC462}.Release|Any CPU.Build.0 = Release|Any CPU
		{E8D2E4E8-417A-429C-B2B0-DA5BD383680E}.Debug|Any CPU.ActiveCfg = Debug|Any CPU
		{E8D2E4E8-417A-429C-B2B0-DA5BD383680E}.Debug|Any CPU.Build.0 = Debug|Any CPU
		{E8D2E4E8-417A-429C-B2B0-DA5BD383680E}.Release|Any CPU.ActiveCfg = Release|Any CPU
		{E8D2E4E8-417A-429C-B2B0-DA5BD383680E}.Release|Any CPU.Build.0 = Release|Any CPU
		{E1F98DC7-E172-4AFA-AF68-D377FD693ACC}.Debug|Any CPU.ActiveCfg = Debug|Any CPU
		{E1F98DC7-E172-4AFA-AF68-D377FD693ACC}.Debug|Any CPU.Build.0 = Debug|Any CPU
		{E1F98DC7-E172-4AFA-AF68-D377FD693ACC}.Release|Any CPU.ActiveCfg = Release|Any CPU
		{E1F98DC7-E172-4AFA-AF68-D377FD693ACC}.Release|Any CPU.Build.0 = Release|Any CPU
		{5AB75B63-4596-4F6A-8629-7EA65B2EE90A}.Debug|Any CPU.ActiveCfg = Debug|Any CPU
		{5AB75B63-4596-4F6A-8629-7EA65B2EE90A}.Debug|Any CPU.Build.0 = Debug|Any CPU
		{5AB75B63-4596-4F6A-8629-7EA65B2EE90A}.Release|Any CPU.ActiveCfg = Release|Any CPU
		{5AB75B63-4596-4F6A-8629-7EA65B2EE90A}.Release|Any CPU.Build.0 = Release|Any CPU
		{9F5F13C7-0A08-4C85-8B09-AAB04B49A8C8}.Debug|Any CPU.ActiveCfg = Debug|Any CPU
		{9F5F13C7-0A08-4C85-8B09-AAB04B49A8C8}.Debug|Any CPU.Build.0 = Debug|Any CPU
		{9F5F13C7-0A08-4C85-8B09-AAB04B49A8C8}.Release|Any CPU.ActiveCfg = Release|Any CPU
		{9F5F13C7-0A08-4C85-8B09-AAB04B49A8C8}.Release|Any CPU.Build.0 = Release|Any CPU
		{76F1DA83-CFA9-4209-A1EB-26ED1A368886}.Debug|Any CPU.ActiveCfg = Debug|Any CPU
		{76F1DA83-CFA9-4209-A1EB-26ED1A368886}.Debug|Any CPU.Build.0 = Debug|Any CPU
		{76F1DA83-CFA9-4209-A1EB-26ED1A368886}.Release|Any CPU.ActiveCfg = Release|Any CPU
		{76F1DA83-CFA9-4209-A1EB-26ED1A368886}.Release|Any CPU.Build.0 = Release|Any CPU
		{9F43FDCF-37B6-4A74-A295-6B3A46C33245}.Debug|Any CPU.ActiveCfg = Debug|Any CPU
		{9F43FDCF-37B6-4A74-A295-6B3A46C33245}.Debug|Any CPU.Build.0 = Debug|Any CPU
		{9F43FDCF-37B6-4A74-A295-6B3A46C33245}.Release|Any CPU.ActiveCfg = Release|Any CPU
		{9F43FDCF-37B6-4A74-A295-6B3A46C33245}.Release|Any CPU.Build.0 = Release|Any CPU
		{E6BA7A8D-4B61-4424-BDE7-39C4C1670AF5}.Debug|Any CPU.ActiveCfg = Debug|Any CPU
		{E6BA7A8D-4B61-4424-BDE7-39C4C1670AF5}.Debug|Any CPU.Build.0 = Debug|Any CPU
		{E6BA7A8D-4B61-4424-BDE7-39C4C1670AF5}.Release|Any CPU.ActiveCfg = Release|Any CPU
		{E6BA7A8D-4B61-4424-BDE7-39C4C1670AF5}.Release|Any CPU.Build.0 = Release|Any CPU
		{780ADEC4-4CFE-40BF-8D65-107764C0695C}.Debug|Any CPU.ActiveCfg = Debug|Any CPU
		{780ADEC4-4CFE-40BF-8D65-107764C0695C}.Debug|Any CPU.Build.0 = Debug|Any CPU
		{780ADEC4-4CFE-40BF-8D65-107764C0695C}.Release|Any CPU.ActiveCfg = Release|Any CPU
		{780ADEC4-4CFE-40BF-8D65-107764C0695C}.Release|Any CPU.Build.0 = Release|Any CPU
		{1C52D8AE-B0ED-4E36-86AF-8928E8FCD1A3}.Debug|Any CPU.ActiveCfg = Debug|Any CPU
		{1C52D8AE-B0ED-4E36-86AF-8928E8FCD1A3}.Debug|Any CPU.Build.0 = Debug|Any CPU
		{1C52D8AE-B0ED-4E36-86AF-8928E8FCD1A3}.Release|Any CPU.ActiveCfg = Release|Any CPU
		{1C52D8AE-B0ED-4E36-86AF-8928E8FCD1A3}.Release|Any CPU.Build.0 = Release|Any CPU
		{527DADBD-BD2E-41EB-BD94-2E5717102D30}.Debug|Any CPU.ActiveCfg = Debug|Any CPU
		{527DADBD-BD2E-41EB-BD94-2E5717102D30}.Debug|Any CPU.Build.0 = Debug|Any CPU
		{527DADBD-BD2E-41EB-BD94-2E5717102D30}.Release|Any CPU.ActiveCfg = Release|Any CPU
		{527DADBD-BD2E-41EB-BD94-2E5717102D30}.Release|Any CPU.Build.0 = Release|Any CPU
		{E64BDA17-A84A-4285-BD46-D902A5D55B07}.Debug|Any CPU.ActiveCfg = Debug|Any CPU
		{E64BDA17-A84A-4285-BD46-D902A5D55B07}.Debug|Any CPU.Build.0 = Debug|Any CPU
		{E64BDA17-A84A-4285-BD46-D902A5D55B07}.Release|Any CPU.ActiveCfg = Release|Any CPU
		{E64BDA17-A84A-4285-BD46-D902A5D55B07}.Release|Any CPU.Build.0 = Release|Any CPU
		{C82BFBB7-A068-47ED-BAB5-EA595BC3283A}.Debug|Any CPU.ActiveCfg = Debug|Any CPU
		{C82BFBB7-A068-47ED-BAB5-EA595BC3283A}.Debug|Any CPU.Build.0 = Debug|Any CPU
		{C82BFBB7-A068-47ED-BAB5-EA595BC3283A}.Release|Any CPU.ActiveCfg = Release|Any CPU
		{C82BFBB7-A068-47ED-BAB5-EA595BC3283A}.Release|Any CPU.Build.0 = Release|Any CPU
		{102E64DA-0D02-4843-AB45-EF59EC782B0A}.Debug|Any CPU.ActiveCfg = Debug|Any CPU
		{102E64DA-0D02-4843-AB45-EF59EC782B0A}.Debug|Any CPU.Build.0 = Debug|Any CPU
		{102E64DA-0D02-4843-AB45-EF59EC782B0A}.Release|Any CPU.ActiveCfg = Release|Any CPU
		{102E64DA-0D02-4843-AB45-EF59EC782B0A}.Release|Any CPU.Build.0 = Release|Any CPU
		{3C31B6C1-5BB8-4875-BCAA-D8C402D37E85}.Debug|Any CPU.ActiveCfg = Debug|Any CPU
		{3C31B6C1-5BB8-4875-BCAA-D8C402D37E85}.Debug|Any CPU.Build.0 = Debug|Any CPU
		{3C31B6C1-5BB8-4875-BCAA-D8C402D37E85}.Release|Any CPU.ActiveCfg = Release|Any CPU
		{3C31B6C1-5BB8-4875-BCAA-D8C402D37E85}.Release|Any CPU.Build.0 = Release|Any CPU
		{3870E921-C28E-49ED-8E57-4FF10A25F4E5}.Debug|Any CPU.ActiveCfg = Debug|Any CPU
		{3870E921-C28E-49ED-8E57-4FF10A25F4E5}.Debug|Any CPU.Build.0 = Debug|Any CPU
		{3870E921-C28E-49ED-8E57-4FF10A25F4E5}.Release|Any CPU.ActiveCfg = Release|Any CPU
		{3870E921-C28E-49ED-8E57-4FF10A25F4E5}.Release|Any CPU.Build.0 = Release|Any CPU
		{E57A243A-0FFD-4ACB-A228-1F81D9BE191E}.Debug|Any CPU.ActiveCfg = Debug|Any CPU
		{E57A243A-0FFD-4ACB-A228-1F81D9BE191E}.Debug|Any CPU.Build.0 = Debug|Any CPU
		{E57A243A-0FFD-4ACB-A228-1F81D9BE191E}.Release|Any CPU.ActiveCfg = Release|Any CPU
		{E57A243A-0FFD-4ACB-A228-1F81D9BE191E}.Release|Any CPU.Build.0 = Release|Any CPU
		{05D0A5E7-AF5B-49BC-8CA4-70854FF2B235}.Debug|Any CPU.ActiveCfg = Debug|Any CPU
		{05D0A5E7-AF5B-49BC-8CA4-70854FF2B235}.Debug|Any CPU.Build.0 = Debug|Any CPU
		{05D0A5E7-AF5B-49BC-8CA4-70854FF2B235}.Release|Any CPU.ActiveCfg = Release|Any CPU
		{05D0A5E7-AF5B-49BC-8CA4-70854FF2B235}.Release|Any CPU.Build.0 = Release|Any CPU
		{5B4B949D-02B5-491E-B3F1-1C9357DC95F1}.Debug|Any CPU.ActiveCfg = Debug|Any CPU
		{5B4B949D-02B5-491E-B3F1-1C9357DC95F1}.Debug|Any CPU.Build.0 = Debug|Any CPU
		{5B4B949D-02B5-491E-B3F1-1C9357DC95F1}.Release|Any CPU.ActiveCfg = Release|Any CPU
		{5B4B949D-02B5-491E-B3F1-1C9357DC95F1}.Release|Any CPU.Build.0 = Release|Any CPU
		{9B7C8EF1-4F00-42D5-A790-DBA10FB22BC2}.Debug|Any CPU.ActiveCfg = Debug|Any CPU
		{9B7C8EF1-4F00-42D5-A790-DBA10FB22BC2}.Debug|Any CPU.Build.0 = Debug|Any CPU
		{9B7C8EF1-4F00-42D5-A790-DBA10FB22BC2}.Release|Any CPU.ActiveCfg = Release|Any CPU
		{9B7C8EF1-4F00-42D5-A790-DBA10FB22BC2}.Release|Any CPU.Build.0 = Release|Any CPU
		{BA8642DF-8161-4F92-A214-B5B38F488FB4}.Debug|Any CPU.ActiveCfg = Debug|Any CPU
		{BA8642DF-8161-4F92-A214-B5B38F488FB4}.Debug|Any CPU.Build.0 = Debug|Any CPU
		{BA8642DF-8161-4F92-A214-B5B38F488FB4}.Release|Any CPU.ActiveCfg = Release|Any CPU
		{BA8642DF-8161-4F92-A214-B5B38F488FB4}.Release|Any CPU.Build.0 = Release|Any CPU
		{ED6D8E61-E706-4BEE-A587-820DBB6D4935}.Debug|Any CPU.ActiveCfg = Debug|Any CPU
		{ED6D8E61-E706-4BEE-A587-820DBB6D4935}.Debug|Any CPU.Build.0 = Debug|Any CPU
		{ED6D8E61-E706-4BEE-A587-820DBB6D4935}.Release|Any CPU.ActiveCfg = Release|Any CPU
		{ED6D8E61-E706-4BEE-A587-820DBB6D4935}.Release|Any CPU.Build.0 = Release|Any CPU
		{57922A87-74F0-4D71-8189-B0631A9E8A1B}.Debug|Any CPU.ActiveCfg = Debug|Any CPU
		{57922A87-74F0-4D71-8189-B0631A9E8A1B}.Debug|Any CPU.Build.0 = Debug|Any CPU
		{57922A87-74F0-4D71-8189-B0631A9E8A1B}.Release|Any CPU.ActiveCfg = Release|Any CPU
		{57922A87-74F0-4D71-8189-B0631A9E8A1B}.Release|Any CPU.Build.0 = Release|Any CPU
	EndGlobalSection
	GlobalSection(SolutionProperties) = preSolution
		HideSolutionNode = FALSE
	EndGlobalSection
	GlobalSection(NestedProjects) = preSolution
		{7CBCC671-558B-407D-9EE8-158E401BC462} = {1870AA49-8988-446D-9CD7-188CB12D5A07}
		{E8D2E4E8-417A-429C-B2B0-DA5BD383680E} = {1870AA49-8988-446D-9CD7-188CB12D5A07}
		{E1F98DC7-E172-4AFA-AF68-D377FD693ACC} = {1870AA49-8988-446D-9CD7-188CB12D5A07}
		{5AB75B63-4596-4F6A-8629-7EA65B2EE90A} = {1870AA49-8988-446D-9CD7-188CB12D5A07}
		{9F5F13C7-0A08-4C85-8B09-AAB04B49A8C8} = {1870AA49-8988-446D-9CD7-188CB12D5A07}
		{76F1DA83-CFA9-4209-A1EB-26ED1A368886} = {DC038954-DD9B-4521-B5FE-45DFAB4BC820}
		{9F43FDCF-37B6-4A74-A295-6B3A46C33245} = {DC038954-DD9B-4521-B5FE-45DFAB4BC820}
		{E6BA7A8D-4B61-4424-BDE7-39C4C1670AF5} = {DC038954-DD9B-4521-B5FE-45DFAB4BC820}
		{780ADEC4-4CFE-40BF-8D65-107764C0695C} = {DC038954-DD9B-4521-B5FE-45DFAB4BC820}
		{1C52D8AE-B0ED-4E36-86AF-8928E8FCD1A3} = {DC038954-DD9B-4521-B5FE-45DFAB4BC820}
		{527DADBD-BD2E-41EB-BD94-2E5717102D30} = {DC038954-DD9B-4521-B5FE-45DFAB4BC820}
		{E64BDA17-A84A-4285-BD46-D902A5D55B07} = {DC038954-DD9B-4521-B5FE-45DFAB4BC820}
		{C82BFBB7-A068-47ED-BAB5-EA595BC3283A} = {02664634-721E-4C05-BE3B-D015147EDB8A}
		{102E64DA-0D02-4843-AB45-EF59EC782B0A} = {02664634-721E-4C05-BE3B-D015147EDB8A}
		{3C31B6C1-5BB8-4875-BCAA-D8C402D37E85} = {02664634-721E-4C05-BE3B-D015147EDB8A}
		{3870E921-C28E-49ED-8E57-4FF10A25F4E5} = {02664634-721E-4C05-BE3B-D015147EDB8A}
		{E57A243A-0FFD-4ACB-A228-1F81D9BE191E} = {02664634-721E-4C05-BE3B-D015147EDB8A}
		{05D0A5E7-AF5B-49BC-8CA4-70854FF2B235} = {02664634-721E-4C05-BE3B-D015147EDB8A}
		{5B4B949D-02B5-491E-B3F1-1C9357DC95F1} = {02664634-721E-4C05-BE3B-D015147EDB8A}
		{9B7C8EF1-4F00-42D5-A790-DBA10FB22BC2} = {02664634-721E-4C05-BE3B-D015147EDB8A}
		{BA8642DF-8161-4F92-A214-B5B38F488FB4} = {02664634-721E-4C05-BE3B-D015147EDB8A}
		{ED6D8E61-E706-4BEE-A587-820DBB6D4935} = {02664634-721E-4C05-BE3B-D015147EDB8A}
		{57922A87-74F0-4D71-8189-B0631A9E8A1B} = {02664634-721E-4C05-BE3B-D015147EDB8A}
	EndGlobalSection
EndGlobal
